// !$*UTF8*$!
{
	archiveVersion = 1;
	classes = {
	};
	objectVersion = 50;
	objects = {

/* Begin PBXBuildFile section */
		FA78372822650DD60087D0AC /* AppDelegate.swift in Sources */ = {isa = PBXBuildFile; fileRef = FA78372722650DD60087D0AC /* AppDelegate.swift */; };
		FA78372F22650DD60087D0AC /* Main.storyboard in Resources */ = {isa = PBXBuildFile; fileRef = FA78372D22650DD60087D0AC /* Main.storyboard */; };
		FA78373122650DD70087D0AC /* Assets.xcassets in Resources */ = {isa = PBXBuildFile; fileRef = FA78373022650DD70087D0AC /* Assets.xcassets */; };
		FA78373422650DD70087D0AC /* LaunchScreen.storyboard in Resources */ = {isa = PBXBuildFile; fileRef = FA78373222650DD70087D0AC /* LaunchScreen.storyboard */; };
		FA783757226524250087D0AC /* ThirdViewController.swift in Sources */ = {isa = PBXBuildFile; fileRef = FA783756226524250087D0AC /* ThirdViewController.swift */; };
		FAABA07822724AA800046A12 /* App 60pt.png in Resources */ = {isa = PBXBuildFile; fileRef = FAABA07722724AA800046A12 /* App 60pt.png */; };
		FAABA07A22724FB600046A12 /* addReminderViewController.swift in Sources */ = {isa = PBXBuildFile; fileRef = FAABA07922724FB600046A12 /* addReminderViewController.swift */; };
		FAABA0862272742F00046A12 /* data.xcdatamodeld in Sources */ = {isa = PBXBuildFile; fileRef = FAC6D2FB226FC4FC00E10B52 /* data.xcdatamodeld */; };
		FAABA09222729B4300046A12 /* LoginViewController.swift in Sources */ = {isa = PBXBuildFile; fileRef = FAABA09122729B4300046A12 /* LoginViewController.swift */; };
		FAABA09422729BDC00046A12 /* Login.jpg in Resources */ = {isa = PBXBuildFile; fileRef = FAABA09322729BDC00046A12 /* Login.jpg */; };
		FAABA0962272A0E100046A12 /* tabBarViewController.swift in Sources */ = {isa = PBXBuildFile; fileRef = FAABA0952272A0E100046A12 /* tabBarViewController.swift */; };
		FAABA09C2272FCB900046A12 /* Reminder+CoreDataClass.swift in Sources */ = {isa = PBXBuildFile; fileRef = FAABA0982272FCB900046A12 /* Reminder+CoreDataClass.swift */; };
		FAABA09D2272FCB900046A12 /* Reminder+CoreDataProperties.swift in Sources */ = {isa = PBXBuildFile; fileRef = FAABA0992272FCB900046A12 /* Reminder+CoreDataProperties.swift */; };
		FAABA0A32272FD0700046A12 /* Account+CoreDataClass.swift in Sources */ = {isa = PBXBuildFile; fileRef = FAABA0A12272FD0700046A12 /* Account+CoreDataClass.swift */; };
		FAABA0A42272FD0700046A12 /* Account+CoreDataProperties.swift in Sources */ = {isa = PBXBuildFile; fileRef = FAABA0A22272FD0700046A12 /* Account+CoreDataProperties.swift */; };
		FAC6D2EE226FB49900E10B52 /* To-do.png in Resources */ = {isa = PBXBuildFile; fileRef = FAC6D2ED226FB49900E10B52 /* To-do.png */; };
		FAC6D2F2226FB6C400E10B52 /* Calendar.png in Resources */ = {isa = PBXBuildFile; fileRef = FAC6D2F1226FB6C400E10B52 /* Calendar.png */; };
		FAC6D2F4226FB74100E10B52 /* Settings.png in Resources */ = {isa = PBXBuildFile; fileRef = FAC6D2F3226FB74100E10B52 /* Settings.png */; };
		FAC6D2FA226FBB2400E10B52 /* reminderTableViewController.swift in Sources */ = {isa = PBXBuildFile; fileRef = FAC6D2F9226FBB2400E10B52 /* reminderTableViewController.swift */; };
		FAC6D2FF226FD79F00E10B52 /* PersistenceService.swift in Sources */ = {isa = PBXBuildFile; fileRef = FAC6D2FE226FD79F00E10B52 /* PersistenceService.swift */; };
		FAFFBE7A2274304F0047CD70 /* LocalAuthentication.framework in Frameworks */ = {isa = PBXBuildFile; fileRef = FAFFBE792274304F0047CD70 /* LocalAuthentication.framework */; };
		FAFFBE7C227435AF0047CD70 /* faceidViewController.swift in Sources */ = {isa = PBXBuildFile; fileRef = FAFFBE7B227435AF0047CD70 /* faceidViewController.swift */; };
/* End PBXBuildFile section */

/* Begin PBXFileReference section */
		FA78372422650DD60087D0AC /* Final.app */ = {isa = PBXFileReference; explicitFileType = wrapper.application; includeInIndex = 0; path = Final.app; sourceTree = BUILT_PRODUCTS_DIR; };
		FA78372722650DD60087D0AC /* AppDelegate.swift */ = {isa = PBXFileReference; lastKnownFileType = sourcecode.swift; path = AppDelegate.swift; sourceTree = "<group>"; };
		FA78372E22650DD60087D0AC /* Base */ = {isa = PBXFileReference; lastKnownFileType = file.storyboard; name = Base; path = Base.lproj/Main.storyboard; sourceTree = "<group>"; };
		FA78373022650DD70087D0AC /* Assets.xcassets */ = {isa = PBXFileReference; lastKnownFileType = folder.assetcatalog; path = Assets.xcassets; sourceTree = "<group>"; };
		FA78373322650DD70087D0AC /* Base */ = {isa = PBXFileReference; lastKnownFileType = file.storyboard; name = Base; path = Base.lproj/LaunchScreen.storyboard; sourceTree = "<group>"; };
		FA78373522650DD70087D0AC /* Info.plist */ = {isa = PBXFileReference; lastKnownFileType = text.plist.xml; path = Info.plist; sourceTree = "<group>"; };
		FA783756226524250087D0AC /* ThirdViewController.swift */ = {isa = PBXFileReference; lastKnownFileType = sourcecode.swift; name = ThirdViewController.swift; path = ../ThirdViewController.swift; sourceTree = "<group>"; };
		FAABA07722724AA800046A12 /* App 60pt.png */ = {isa = PBXFileReference; lastKnownFileType = image.png; path = "App 60pt.png"; sourceTree = "<group>"; };
		FAABA07922724FB600046A12 /* addReminderViewController.swift */ = {isa = PBXFileReference; lastKnownFileType = sourcecode.swift; path = addReminderViewController.swift; sourceTree = "<group>"; };
		FAABA09122729B4300046A12 /* LoginViewController.swift */ = {isa = PBXFileReference; lastKnownFileType = sourcecode.swift; path = LoginViewController.swift; sourceTree = "<group>"; };
		FAABA09322729BDC00046A12 /* Login.jpg */ = {isa = PBXFileReference; lastKnownFileType = image.jpeg; path = Login.jpg; sourceTree = "<group>"; };
		FAABA0952272A0E100046A12 /* tabBarViewController.swift */ = {isa = PBXFileReference; lastKnownFileType = sourcecode.swift; path = tabBarViewController.swift; sourceTree = "<group>"; };
		FAABA0982272FCB900046A12 /* Reminder+CoreDataClass.swift */ = {isa = PBXFileReference; lastKnownFileType = sourcecode.swift; path = "Reminder+CoreDataClass.swift"; sourceTree = "<group>"; };
		FAABA0992272FCB900046A12 /* Reminder+CoreDataProperties.swift */ = {isa = PBXFileReference; lastKnownFileType = sourcecode.swift; path = "Reminder+CoreDataProperties.swift"; sourceTree = "<group>"; };
		FAABA0A12272FD0700046A12 /* Account+CoreDataClass.swift */ = {isa = PBXFileReference; lastKnownFileType = sourcecode.swift; path = "Account+CoreDataClass.swift"; sourceTree = "<group>"; };
		FAABA0A22272FD0700046A12 /* Account+CoreDataProperties.swift */ = {isa = PBXFileReference; lastKnownFileType = sourcecode.swift; path = "Account+CoreDataProperties.swift"; sourceTree = "<group>"; };
		FAC6D2ED226FB49900E10B52 /* To-do.png */ = {isa = PBXFileReference; lastKnownFileType = image.png; path = "To-do.png"; sourceTree = "<group>"; };
		FAC6D2F1226FB6C400E10B52 /* Calendar.png */ = {isa = PBXFileReference; lastKnownFileType = image.png; path = Calendar.png; sourceTree = "<group>"; };
		FAC6D2F3226FB74100E10B52 /* Settings.png */ = {isa = PBXFileReference; lastKnownFileType = image.png; path = Settings.png; sourceTree = "<group>"; };
		FAC6D2F9226FBB2400E10B52 /* reminderTableViewController.swift */ = {isa = PBXFileReference; lastKnownFileType = sourcecode.swift; path = reminderTableViewController.swift; sourceTree = "<group>"; };
		FAC6D2FC226FC4FC00E10B52 /* data.xcdatamodel */ = {isa = PBXFileReference; lastKnownFileType = wrapper.xcdatamodel; path = data.xcdatamodel; sourceTree = "<group>"; };
		FAC6D2FE226FD79F00E10B52 /* PersistenceService.swift */ = {isa = PBXFileReference; lastKnownFileType = sourcecode.swift; path = PersistenceService.swift; sourceTree = "<group>"; };
		FAFFBE792274304F0047CD70 /* LocalAuthentication.framework */ = {isa = PBXFileReference; lastKnownFileType = wrapper.framework; name = LocalAuthentication.framework; path = System/Library/Frameworks/LocalAuthentication.framework; sourceTree = SDKROOT; };
		FAFFBE7B227435AF0047CD70 /* faceidViewController.swift */ = {isa = PBXFileReference; lastKnownFileType = sourcecode.swift; path = faceidViewController.swift; sourceTree = "<group>"; };
/* End PBXFileReference section */

/* Begin PBXFrameworksBuildPhase section */
		FA78372122650DD60087D0AC /* Frameworks */ = {
			isa = PBXFrameworksBuildPhase;
			buildActionMask = 2147483647;
			files = (
				FAFFBE7A2274304F0047CD70 /* LocalAuthentication.framework in Frameworks */,
			);
			runOnlyForDeploymentPostprocessing = 0;
		};
/* End PBXFrameworksBuildPhase section */

/* Begin PBXGroup section */
		FA78371B22650DD60087D0AC = {
			isa = PBXGroup;
			children = (
				FA78372622650DD60087D0AC /* Final */,
				FA78372522650DD60087D0AC /* Products */,
				FAFFBE782274304F0047CD70 /* Frameworks */,
			);
			sourceTree = "<group>";
		};
		FA78372522650DD60087D0AC /* Products */ = {
			isa = PBXGroup;
			children = (
				FA78372422650DD60087D0AC /* Final.app */,
			);
			name = Products;
			sourceTree = "<group>";
		};
		FA78372622650DD60087D0AC /* Final */ = {
			isa = PBXGroup;
			children = (
				FA78372722650DD60087D0AC /* AppDelegate.swift */,
				FA78372D22650DD60087D0AC /* Main.storyboard */,
				FA78373022650DD70087D0AC /* Assets.xcassets */,
				FA78373222650DD70087D0AC /* LaunchScreen.storyboard */,
				FA78373522650DD70087D0AC /* Info.plist */,
				FAABA0A02272FCC000046A12 /* Data */,
				FAFFBE7D227435BF0047CD70 /* FaceID */,
				FAABA0972272A0EE00046A12 /* Login and Tab Bar */,
				FAC6D2F5226FB89B00E10B52 /* To-do */,
				FAC6D2F8226FB8BD00E10B52 /* Settings */,
				FA78373B22650DDE0087D0AC /* Images */,
			);
			path = Final;
			sourceTree = "<group>";
		};
		FA78373B22650DDE0087D0AC /* Images */ = {
			isa = PBXGroup;
			children = (
				FAABA09322729BDC00046A12 /* Login.jpg */,
				FAABA07722724AA800046A12 /* App 60pt.png */,
				FAC6D2F1226FB6C400E10B52 /* Calendar.png */,
				FAC6D2ED226FB49900E10B52 /* To-do.png */,
				FAC6D2F3226FB74100E10B52 /* Settings.png */,
			);
			path = Images;
			sourceTree = "<group>";
		};
		FAABA0972272A0EE00046A12 /* Login and Tab Bar */ = {
			isa = PBXGroup;
			children = (
				FAABA09122729B4300046A12 /* LoginViewController.swift */,
				FAABA0952272A0E100046A12 /* tabBarViewController.swift */,
			);
			path = "Login and Tab Bar";
			sourceTree = "<group>";
		};
		FAABA0A02272FCC000046A12 /* Data */ = {
			isa = PBXGroup;
			children = (
				FAC6D2FE226FD79F00E10B52 /* PersistenceService.swift */,
				FAC6D2FB226FC4FC00E10B52 /* data.xcdatamodeld */,
				FAABA0982272FCB900046A12 /* Reminder+CoreDataClass.swift */,
				FAABA0992272FCB900046A12 /* Reminder+CoreDataProperties.swift */,
				FAABA0A12272FD0700046A12 /* Account+CoreDataClass.swift */,
				FAABA0A22272FD0700046A12 /* Account+CoreDataProperties.swift */,
			);
			path = Data;
			sourceTree = "<group>";
		};
		FAC6D2F5226FB89B00E10B52 /* To-do */ = {
			isa = PBXGroup;
			children = (
				FAC6D2F9226FBB2400E10B52 /* reminderTableViewController.swift */,
				FAABA07922724FB600046A12 /* addReminderViewController.swift */,
			);
			path = "To-do";
			sourceTree = "<group>";
		};
		FAC6D2F8226FB8BD00E10B52 /* Settings */ = {
			isa = PBXGroup;
			children = (
				FA783756226524250087D0AC /* ThirdViewController.swift */,
			);
			path = Settings;
			sourceTree = "<group>";
		};
		FAFFBE782274304F0047CD70 /* Frameworks */ = {
			isa = PBXGroup;
			children = (
				FAFFBE792274304F0047CD70 /* LocalAuthentication.framework */,
			);
			name = Frameworks;
			sourceTree = "<group>";
		};
		FAFFBE7D227435BF0047CD70 /* FaceID */ = {
			isa = PBXGroup;
			children = (
				FAFFBE7B227435AF0047CD70 /* faceidViewController.swift */,
			);
			path = FaceID;
			sourceTree = "<group>";
		};
/* End PBXGroup section */

/* Begin PBXNativeTarget section */
		FA78372322650DD60087D0AC /* Final */ = {
			isa = PBXNativeTarget;
			buildConfigurationList = FA78373822650DD70087D0AC /* Build configuration list for PBXNativeTarget "Final" */;
			buildPhases = (
				FA78372022650DD60087D0AC /* Sources */,
				FA78372122650DD60087D0AC /* Frameworks */,
				FA78372222650DD60087D0AC /* Resources */,
			);
			buildRules = (
			);
			dependencies = (
			);
			name = Final;
			productName = Final;
			productReference = FA78372422650DD60087D0AC /* Final.app */;
			productType = "com.apple.product-type.application";
		};
/* End PBXNativeTarget section */

/* Begin PBXProject section */
		FA78371C22650DD60087D0AC /* Project object */ = {
			isa = PBXProject;
			attributes = {
				LastSwiftUpdateCheck = 1020;
				LastUpgradeCheck = 1020;
				ORGANIZATIONNAME = Alex;
				TargetAttributes = {
					FA78372322650DD60087D0AC = {
						CreatedOnToolsVersion = 10.2;
					};
				};
			};
			buildConfigurationList = FA78371F22650DD60087D0AC /* Build configuration list for PBXProject "Final" */;
			compatibilityVersion = "Xcode 9.3";
			developmentRegion = en;
			hasScannedForEncodings = 0;
			knownRegions = (
				en,
				Base,
			);
			mainGroup = FA78371B22650DD60087D0AC;
			productRefGroup = FA78372522650DD60087D0AC /* Products */;
			projectDirPath = "";
			projectRoot = "";
			targets = (
				FA78372322650DD60087D0AC /* Final */,
			);
		};
/* End PBXProject section */

/* Begin PBXResourcesBuildPhase section */
		FA78372222650DD60087D0AC /* Resources */ = {
			isa = PBXResourcesBuildPhase;
			buildActionMask = 2147483647;
			files = (
				FAC6D2EE226FB49900E10B52 /* To-do.png in Resources */,
				FAABA07822724AA800046A12 /* App 60pt.png in Resources */,
				FA78373422650DD70087D0AC /* LaunchScreen.storyboard in Resources */,
				FAC6D2F4226FB74100E10B52 /* Settings.png in Resources */,
				FA78373122650DD70087D0AC /* Assets.xcassets in Resources */,
				FAC6D2F2226FB6C400E10B52 /* Calendar.png in Resources */,
				FAABA09422729BDC00046A12 /* Login.jpg in Resources */,
				FA78372F22650DD60087D0AC /* Main.storyboard in Resources */,
			);
			runOnlyForDeploymentPostprocessing = 0;
		};
/* End PBXResourcesBuildPhase section */

/* Begin PBXSourcesBuildPhase section */
		FA78372022650DD60087D0AC /* Sources */ = {
			isa = PBXSourcesBuildPhase;
			buildActionMask = 2147483647;
			files = (
				FAABA09C2272FCB900046A12 /* Reminder+CoreDataClass.swift in Sources */,
				FAC6D2FF226FD79F00E10B52 /* PersistenceService.swift in Sources */,
				FAABA0A42272FD0700046A12 /* Account+CoreDataProperties.swift in Sources */,
				FAFFBE7C227435AF0047CD70 /* faceidViewController.swift in Sources */,
				FA78372822650DD60087D0AC /* AppDelegate.swift in Sources */,
				FAABA07A22724FB600046A12 /* addReminderViewController.swift in Sources */,
				FAABA0962272A0E100046A12 /* tabBarViewController.swift in Sources */,
				FAABA09D2272FCB900046A12 /* Reminder+CoreDataProperties.swift in Sources */,
				FAABA0A32272FD0700046A12 /* Account+CoreDataClass.swift in Sources */,
				FA783757226524250087D0AC /* ThirdViewController.swift in Sources */,
				FAABA0862272742F00046A12 /* data.xcdatamodeld in Sources */,
				FAC6D2FA226FBB2400E10B52 /* reminderTableViewController.swift in Sources */,
				FAABA09222729B4300046A12 /* LoginViewController.swift in Sources */,
			);
			runOnlyForDeploymentPostprocessing = 0;
		};
/* End PBXSourcesBuildPhase section */

/* Begin PBXVariantGroup section */
		FA78372D22650DD60087D0AC /* Main.storyboard */ = {
			isa = PBXVariantGroup;
			children = (
				FA78372E22650DD60087D0AC /* Base */,
			);
			name = Main.storyboard;
			sourceTree = "<group>";
		};
		FA78373222650DD70087D0AC /* LaunchScreen.storyboard */ = {
			isa = PBXVariantGroup;
			children = (
				FA78373322650DD70087D0AC /* Base */,
			);
			name = LaunchScreen.storyboard;
			sourceTree = "<group>";
		};
/* End PBXVariantGroup section */

/* Begin XCBuildConfiguration section */
		FA78373622650DD70087D0AC /* Debug */ = {
			isa = XCBuildConfiguration;
			buildSettings = {
				ALWAYS_SEARCH_USER_PATHS = NO;
				CLANG_ANALYZER_NONNULL = YES;
				CLANG_ANALYZER_NUMBER_OBJECT_CONVERSION = YES_AGGRESSIVE;
				CLANG_CXX_LANGUAGE_STANDARD = "gnu++14";
				CLANG_CXX_LIBRARY = "libc++";
				CLANG_ENABLE_MODULES = YES;
				CLANG_ENABLE_OBJC_ARC = YES;
				CLANG_ENABLE_OBJC_WEAK = YES;
				CLANG_WARN_BLOCK_CAPTURE_AUTORELEASING = YES;
				CLANG_WARN_BOOL_CONVERSION = YES;
				CLANG_WARN_COMMA = YES;
				CLANG_WARN_CONSTANT_CONVERSION = YES;
				CLANG_WARN_DEPRECATED_OBJC_IMPLEMENTATIONS = YES;
				CLANG_WARN_DIRECT_OBJC_ISA_USAGE = YES_ERROR;
				CLANG_WARN_DOCUMENTATION_COMMENTS = YES;
				CLANG_WARN_EMPTY_BODY = YES;
				CLANG_WARN_ENUM_CONVERSION = YES;
				CLANG_WARN_INFINITE_RECURSION = YES;
				CLANG_WARN_INT_CONVERSION = YES;
				CLANG_WARN_NON_LITERAL_NULL_CONVERSION = YES;
				CLANG_WARN_OBJC_IMPLICIT_RETAIN_SELF = YES;
				CLANG_WARN_OBJC_LITERAL_CONVERSION = YES;
				CLANG_WARN_OBJC_ROOT_CLASS = YES_ERROR;
				CLANG_WARN_RANGE_LOOP_ANALYSIS = YES;
				CLANG_WARN_STRICT_PROTOTYPES = YES;
				CLANG_WARN_SUSPICIOUS_MOVE = YES;
				CLANG_WARN_UNGUARDED_AVAILABILITY = YES_AGGRESSIVE;
				CLANG_WARN_UNREACHABLE_CODE = YES;
				CLANG_WARN__DUPLICATE_METHOD_MATCH = YES;
				CODE_SIGN_IDENTITY = "iPhone Developer";
				COPY_PHASE_STRIP = NO;
				DEBUG_INFORMATION_FORMAT = dwarf;
				ENABLE_STRICT_OBJC_MSGSEND = YES;
				ENABLE_TESTABILITY = YES;
				GCC_C_LANGUAGE_STANDARD = gnu11;
				GCC_DYNAMIC_NO_PIC = NO;
				GCC_NO_COMMON_BLOCKS = YES;
				GCC_OPTIMIZATION_LEVEL = 0;
				GCC_PREPROCESSOR_DEFINITIONS = (
					"DEBUG=1",
					"$(inherited)",
				);
				GCC_WARN_64_TO_32_BIT_CONVERSION = YES;
				GCC_WARN_ABOUT_RETURN_TYPE = YES_ERROR;
				GCC_WARN_UNDECLARED_SELECTOR = YES;
				GCC_WARN_UNINITIALIZED_AUTOS = YES_AGGRESSIVE;
				GCC_WARN_UNUSED_FUNCTION = YES;
				GCC_WARN_UNUSED_VARIABLE = YES;
				IPHONEOS_DEPLOYMENT_TARGET = 12.2;
				MTL_ENABLE_DEBUG_INFO = INCLUDE_SOURCE;
				MTL_FAST_MATH = YES;
				ONLY_ACTIVE_ARCH = YES;
				SDKROOT = iphoneos;
				SWIFT_ACTIVE_COMPILATION_CONDITIONS = DEBUG;
				SWIFT_OPTIMIZATION_LEVEL = "-Onone";
			};
			name = Debug;
		};
		FA78373722650DD70087D0AC /* Release */ = {
			isa = XCBuildConfiguration;
			buildSettings = {
				ALWAYS_SEARCH_USER_PATHS = NO;
				CLANG_ANALYZER_NONNULL = YES;
				CLANG_ANALYZER_NUMBER_OBJECT_CONVERSION = YES_AGGRESSIVE;
				CLANG_CXX_LANGUAGE_STANDARD = "gnu++14";
				CLANG_CXX_LIBRARY = "libc++";
				CLANG_ENABLE_MODULES = YES;
				CLANG_ENABLE_OBJC_ARC = YES;
				CLANG_ENABLE_OBJC_WEAK = YES;
				CLANG_WARN_BLOCK_CAPTURE_AUTORELEASING = YES;
				CLANG_WARN_BOOL_CONVERSION = YES;
				CLANG_WARN_COMMA = YES;
				CLANG_WARN_CONSTANT_CONVERSION = YES;
				CLANG_WARN_DEPRECATED_OBJC_IMPLEMENTATIONS = YES;
				CLANG_WARN_DIRECT_OBJC_ISA_USAGE = YES_ERROR;
				CLANG_WARN_DOCUMENTATION_COMMENTS = YES;
				CLANG_WARN_EMPTY_BODY = YES;
				CLANG_WARN_ENUM_CONVERSION = YES;
				CLANG_WARN_INFINITE_RECURSION = YES;
				CLANG_WARN_INT_CONVERSION = YES;
				CLANG_WARN_NON_LITERAL_NULL_CONVERSION = YES;
				CLANG_WARN_OBJC_IMPLICIT_RETAIN_SELF = YES;
				CLANG_WARN_OBJC_LITERAL_CONVERSION = YES;
				CLANG_WARN_OBJC_ROOT_CLASS = YES_ERROR;
				CLANG_WARN_RANGE_LOOP_ANALYSIS = YES;
				CLANG_WARN_STRICT_PROTOTYPES = YES;
				CLANG_WARN_SUSPICIOUS_MOVE = YES;
				CLANG_WARN_UNGUARDED_AVAILABILITY = YES_AGGRESSIVE;
				CLANG_WARN_UNREACHABLE_CODE = YES;
				CLANG_WARN__DUPLICATE_METHOD_MATCH = YES;
				CODE_SIGN_IDENTITY = "iPhone Developer";
				COPY_PHASE_STRIP = NO;
				DEBUG_INFORMATION_FORMAT = "dwarf-with-dsym";
				ENABLE_NS_ASSERTIONS = NO;
				ENABLE_STRICT_OBJC_MSGSEND = YES;
				GCC_C_LANGUAGE_STANDARD = gnu11;
				GCC_NO_COMMON_BLOCKS = YES;
				GCC_WARN_64_TO_32_BIT_CONVERSION = YES;
				GCC_WARN_ABOUT_RETURN_TYPE = YES_ERROR;
				GCC_WARN_UNDECLARED_SELECTOR = YES;
				GCC_WARN_UNINITIALIZED_AUTOS = YES_AGGRESSIVE;
				GCC_WARN_UNUSED_FUNCTION = YES;
				GCC_WARN_UNUSED_VARIABLE = YES;
				IPHONEOS_DEPLOYMENT_TARGET = 12.2;
				MTL_ENABLE_DEBUG_INFO = NO;
				MTL_FAST_MATH = YES;
				SDKROOT = iphoneos;
				SWIFT_COMPILATION_MODE = wholemodule;
				SWIFT_OPTIMIZATION_LEVEL = "-O";
				VALIDATE_PRODUCT = YES;
			};
			name = Release;
		};
		FA78373922650DD70087D0AC /* Debug */ = {
			isa = XCBuildConfiguration;
			buildSettings = {
				ASSETCATALOG_COMPILER_APPICON_NAME = AppIcon;
				CODE_SIGN_STYLE = Automatic;
				DEVELOPMENT_TEAM = QXB24LV3J4;
				INFOPLIST_FILE = Final/Info.plist;
				LD_RUNPATH_SEARCH_PATHS = (
					"$(inherited)",
					"@executable_path/Frameworks",
				);
				PRODUCT_BUNDLE_IDENTIFIER = "-350.Final";
				PRODUCT_NAME = "$(TARGET_NAME)";
				SWIFT_VERSION = 5.0;
				TARGETED_DEVICE_FAMILY = "1,2";
			};
			name = Debug;
		};
		FA78373A22650DD70087D0AC /* Release */ = {
			isa = XCBuildConfiguration;
			buildSettings = {
				ASSETCATALOG_COMPILER_APPICON_NAME = AppIcon;
				CODE_SIGN_STYLE = Automatic;
				DEVELOPMENT_TEAM = QXB24LV3J4;
				INFOPLIST_FILE = Final/Info.plist;
				LD_RUNPATH_SEARCH_PATHS = (
					"$(inherited)",
					"@executable_path/Frameworks",
				);
				PRODUCT_BUNDLE_IDENTIFIER = "-350.Final";
				PRODUCT_NAME = "$(TARGET_NAME)";
				SWIFT_VERSION = 5.0;
				TARGETED_DEVICE_FAMILY = "1,2";
			};
			name = Release;
		};
/* End XCBuildConfiguration section */

/* Begin XCConfigurationList section */
		FA78371F22650DD60087D0AC /* Build configuration list for PBXProject "Final" */ = {
			isa = XCConfigurationList;
			buildConfigurations = (
				FA78373622650DD70087D0AC /* Debug */,
				FA78373722650DD70087D0AC /* Release */,
			);
			defaultConfigurationIsVisible = 0;
			defaultConfigurationName = Release;
		};
		FA78373822650DD70087D0AC /* Build configuration list for PBXNativeTarget "Final" */ = {
			isa = XCConfigurationList;
			buildConfigurations = (
				FA78373922650DD70087D0AC /* Debug */,
				FA78373A22650DD70087D0AC /* Release */,
			);
			defaultConfigurationIsVisible = 0;
			defaultConfigurationName = Release;
		};
/* End XCConfigurationList section */

/* Begin XCVersionGroup section */
		FAC6D2FB226FC4FC00E10B52 /* data.xcdatamodeld */ = {
			isa = XCVersionGroup;
			children = (
				FAC6D2FC226FC4FC00E10B52 /* data.xcdatamodel */,
			);
			currentVersion = FAC6D2FC226FC4FC00E10B52 /* data.xcdatamodel */;
			path = data.xcdatamodeld;
			sourceTree = "<group>";
			versionGroupType = wrapper.xcdatamodel;
		};
/* End XCVersionGroup section */
	};
	rootObject = FA78371C22650DD60087D0AC /* Project object */;
}
